{
  "name": "fix-issue-1",
  "lockfileVersion": 2,
  "requires": true,
  "packages": {
    "": {
      "devDependencies": {
        "git-format-staged": "^3.0.0"
      }
    },
    "node_modules/git-format-staged": {
      "version": "3.0.0",
      "resolved": "https://registry.npmjs.org/git-format-staged/-/git-format-staged-3.0.0.tgz",
      "integrity": "sha512-cdDJxV06qY8ucBsW/uIFR4PYN/kDHl43nG8yg+VPPaDeLAf8hEPhEIJTeJ+yRClxcDSpoTmDPiFZUoxFx1wPCg==",
      "dev": true,
      "bin": {
        "git-format-staged": "git-format-staged"
      }
    }
  },
  "dependencies": {
    "git-format-staged": {
      "version": "3.0.0",
      "resolved": "https://registry.npmjs.org/git-format-staged/-/git-format-staged-3.0.0.tgz",
      "integrity": "sha512-cdDJxV06qY8ucBsW/uIFR4PYN/kDHl43nG8yg+VPPaDeLAf8hEPhEIJTeJ+yRClxcDSpoTmDPiFZUoxFx1wPCg==",
      "dev": true
    }
  }
}
